
Microsoft Visual Studio Solution File, Format Version 12.00
# Visual Studio Version 16
VisualStudioVersion = 16.0.29009.5
MinimumVisualStudioVersion = 10.0.40219.1
Project("{9A19103F-16F7-4668-BE54-9A1E7A4F7556}") = "P01.ListyIterator", "P01.ListyIterator\P01.ListyIterator.csproj", "{7BD7135D-68F5-45DD-B1E6-5F62302113AF}"
EndProject
Project("{9A19103F-16F7-4668-BE54-9A1E7A4F7556}") = "P02.Collection", "P02.Collection\P02.Collection.csproj", "{3A71B5C0-84D1-4229-B7BB-ADA3D809C831}"
EndProject
Project("{9A19103F-16F7-4668-BE54-9A1E7A4F7556}") = "P03.CustomStack", "P03.CustomStack\P03.CustomStack.csproj", "{AB3B8284-6ECA-4BE3-BC3C-00753D236A08}"
EndProject
Project("{FAE04EC0-301F-11D3-BF4B-00C04F79EFBC}") = "P04.Froggy", "P04.Froggy\P04.Froggy.csproj", "{67A4FB0F-AF31-41ED-84B8-76FB9453D36B}"
EndProject
Project("{FAE04EC0-301F-11D3-BF4B-00C04F79EFBC}") = "P05.ComparingObjects", "P05.ComparingObjects\P05.ComparingObjects.csproj", "{005F2C34-CCAF-4394-BA0A-2BA133ECD5AF}"
EndProject
Project("{FAE04EC0-301F-11D3-BF4B-00C04F79EFBC}") = "P06.EqualityLogic", "P06.EqualityLogic\P06.EqualityLogic.csproj", "{A7EFC718-2096-42E1-98EA-37C42FC1A191}"
EndProject
Project("{FAE04EC0-301F-11D3-BF4B-00C04F79EFBC}") = "P07.CustomLinkedList", "P07.CustomLinkedList\P07.CustomLinkedList.csproj", "{1C7916A5-2039-444D-9C98-2981A2ED2453}"
EndProject
Global
	GlobalSection(SolutionConfigurationPlatforms) = preSolution
		Debug|Any CPU = Debug|Any CPU
		Release|Any CPU = Release|Any CPU
	EndGlobalSection
	GlobalSection(ProjectConfigurationPlatforms) = postSolution
		{7BD7135D-68F5-45DD-B1E6-5F62302113AF}.Debug|Any CPU.ActiveCfg = Debug|Any CPU
		{7BD7135D-68F5-45DD-B1E6-5F62302113AF}.Debug|Any CPU.Build.0 = Debug|Any CPU
		{7BD7135D-68F5-45DD-B1E6-5F62302113AF}.Release|Any CPU.ActiveCfg = Release|Any CPU
		{7BD7135D-68F5-45DD-B1E6-5F62302113AF}.Release|Any CPU.Build.0 = Release|Any CPU
		{3A71B5C0-84D1-4229-B7BB-ADA3D809C831}.Debug|Any CPU.ActiveCfg = Debug|Any CPU
		{3A71B5C0-84D1-4229-B7BB-ADA3D809C831}.Debug|Any CPU.Build.0 = Debug|Any CPU
		{3A71B5C0-84D1-4229-B7BB-ADA3D809C831}.Release|Any CPU.ActiveCfg = Release|Any CPU
		{3A71B5C0-84D1-4229-B7BB-ADA3D809C831}.Release|Any CPU.Build.0 = Release|Any CPU
		{AB3B8284-6ECA-4BE3-BC3C-00753D236A08}.Debug|Any CPU.ActiveCfg = Debug|Any CPU
		{AB3B8284-6ECA-4BE3-BC3C-00753D236A08}.Debug|Any CPU.Build.0 = Debug|Any CPU
		{AB3B8284-6ECA-4BE3-BC3C-00753D236A08}.Release|Any CPU.ActiveCfg = Release|Any CPU
		{AB3B8284-6ECA-4BE3-BC3C-00753D236A08}.Release|Any CPU.Build.0 = Release|Any CPU
		{67A4FB0F-AF31-41ED-84B8-76FB9453D36B}.Debug|Any CPU.ActiveCfg = Debug|Any CPU
		{67A4FB0F-AF31-41ED-84B8-76FB9453D36B}.Debug|Any CPU.Build.0 = Debug|Any CPU
		{67A4FB0F-AF31-41ED-84B8-76FB9453D36B}.Release|Any CPU.ActiveCfg = Release|Any CPU
		{67A4FB0F-AF31-41ED-84B8-76FB9453D36B}.Release|Any CPU.Build.0 = Release|Any CPU
		{005F2C34-CCAF-4394-BA0A-2BA133ECD5AF}.Debug|Any CPU.ActiveCfg = Debug|Any CPU
		{005F2C34-CCAF-4394-BA0A-2BA133ECD5AF}.Debug|Any CPU.Build.0 = Debug|Any CPU
		{005F2C34-CCAF-4394-BA0A-2BA133ECD5AF}.Release|Any CPU.ActiveCfg = Release|Any CPU
		{005F2C34-CCAF-4394-BA0A-2BA133ECD5AF}.Release|Any CPU.Build.0 = Release|Any CPU
		{A7EFC718-2096-42E1-98EA-37C42FC1A191}.Debug|Any CPU.ActiveCfg = Debug|Any CPU
		{A7EFC718-2096-42E1-98EA-37C42FC1A191}.Debug|Any CPU.Build.0 = Debug|Any CPU
		{A7EFC718-2096-42E1-98EA-37C42FC1A191}.Release|Any CPU.ActiveCfg = Release|Any CPU
		{A7EFC718-2096-42E1-98EA-37C42FC1A191}.Release|Any CPU.Build.0 = Release|Any CPU
		{1C7916A5-2039-444D-9C98-2981A2ED2453}.Debug|Any CPU.ActiveCfg = Debug|Any CPU
		{1C7916A5-2039-444D-9C98-2981A2ED2453}.Debug|Any CPU.Build.0 = Debug|Any CPU
		{1C7916A5-2039-444D-9C98-2981A2ED2453}.Release|Any CPU.ActiveCfg = Release|Any CPU
		{1C7916A5-2039-444D-9C98-2981A2ED2453}.Release|Any CPU.Build.0 = Release|Any CPU
	EndGlobalSection
	GlobalSection(SolutionProperties) = preSolution
		HideSolutionNode = FALSE
	EndGlobalSection
	GlobalSection(ExtensibilityGlobals) = postSolution
		SolutionGuid = {0BF2ED26-082C-498B-80AD-79739F8D101B}
	EndGlobalSection
EndGlobal
