
Microsoft Visual Studio Solution File, Format Version 12.00
# Visual Studio Version 16
VisualStudioVersion = 16.0.29201.188
MinimumVisualStudioVersion = 10.0.40219.1
Project("{FAE04EC0-301F-11D3-BF4B-00C04F79EFBC}") = "01.SummerCocktails", "01.SummerCocktails\01.SummerCocktails.csproj", "{7FAB4079-21F5-47A3-889A-B4640AA3B2DE}"
EndProject
Project("{FAE04EC0-301F-11D3-BF4B-00C04F79EFBC}") = "02.SeashellTreasure", "02.SeashellTreasure\02.SeashellTreasure.csproj", "{C0CBB6EC-C3C4-4E22-8A43-1FF31B82ECC7}"
EndProject
Global
	GlobalSection(SolutionConfigurationPlatforms) = preSolution
		Debug|Any CPU = Debug|Any CPU
		Release|Any CPU = Release|Any CPU
	EndGlobalSection
	GlobalSection(ProjectConfigurationPlatforms) = postSolution
		{7FAB4079-21F5-47A3-889A-B4640AA3B2DE}.Debug|Any CPU.ActiveCfg = Debug|Any CPU
		{7FAB4079-21F5-47A3-889A-B4640AA3B2DE}.Debug|Any CPU.Build.0 = Debug|Any CPU
		{7FAB4079-21F5-47A3-889A-B4640AA3B2DE}.Release|Any CPU.ActiveCfg = Release|Any CPU
		{7FAB4079-21F5-47A3-889A-B4640AA3B2DE}.Release|Any CPU.Build.0 = Release|Any CPU
		{C0CBB6EC-C3C4-4E22-8A43-1FF31B82ECC7}.Debug|Any CPU.ActiveCfg = Debug|Any CPU
		{C0CBB6EC-C3C4-4E22-8A43-1FF31B82ECC7}.Debug|Any CPU.Build.0 = Debug|Any CPU
		{C0CBB6EC-C3C4-4E22-8A43-1FF31B82ECC7}.Release|Any CPU.ActiveCfg = Release|Any CPU
		{C0CBB6EC-C3C4-4E22-8A43-1FF31B82ECC7}.Release|Any CPU.Build.0 = Release|Any CPU
	EndGlobalSection
	GlobalSection(SolutionProperties) = preSolution
		HideSolutionNode = FALSE
	EndGlobalSection
	GlobalSection(ExtensibilityGlobals) = postSolution
		SolutionGuid = {FF670004-0D27-472E-A5E8-F6681515D4DC}
	EndGlobalSection
EndGlobal
