
Microsoft Visual Studio Solution File, Format Version 12.00
# Visual Studio Version 16
VisualStudioVersion = 16.0.28803.452
MinimumVisualStudioVersion = 10.0.40219.1
Project("{9A19103F-16F7-4668-BE54-9A1E7A4F7556}") = "P01.DiagonalDifference", "P01.DiagonalDifference\P01.DiagonalDifference.csproj", "{B3591418-D7D7-4A75-B7F0-AFF377623971}"
EndProject
Project("{9A19103F-16F7-4668-BE54-9A1E7A4F7556}") = "P02.2x2Squares", "P02.2x2Squares\P02.2x2Squares.csproj", "{5EEA1550-5DEC-4D2C-855E-ADEAD93EB341}"
EndProject
Project("{9A19103F-16F7-4668-BE54-9A1E7A4F7556}") = "P03.MaximalSum", "P03.MaximalSum\P03.MaximalSum.csproj", "{35D7F11C-813A-4616-8E63-F5B234BEB117}"
EndProject
Project("{FAE04EC0-301F-11D3-BF4B-00C04F79EFBC}") = "P04.MatrixShuffling", "P04.MatrixShuffling\P04.MatrixShuffling.csproj", "{84A1B46A-C0BE-49C6-A78E-C331AAC0B2EE}"
EndProject
Project("{FAE04EC0-301F-11D3-BF4B-00C04F79EFBC}") = "P05.SnakeMoves", "P05.SnakeMoves\P05.SnakeMoves.csproj", "{F4129517-86BB-4CE7-A97F-87252C7DF908}"
EndProject
Project("{FAE04EC0-301F-11D3-BF4B-00C04F79EFBC}") = "P06.BombTheBasement", "P06.BombTheBasement\P06.BombTheBasement.csproj", "{98516542-8406-4582-8368-864D5B3BDEB1}"
EndProject
Project("{FAE04EC0-301F-11D3-BF4B-00C04F79EFBC}") = "P07.KnightGame", "P07.KnightGame\P07.KnightGame.csproj", "{0C72C982-8548-484E-822F-ACB1A7C90538}"
EndProject
Global
	GlobalSection(SolutionConfigurationPlatforms) = preSolution
		Debug|Any CPU = Debug|Any CPU
		Release|Any CPU = Release|Any CPU
	EndGlobalSection
	GlobalSection(ProjectConfigurationPlatforms) = postSolution
		{B3591418-D7D7-4A75-B7F0-AFF377623971}.Debug|Any CPU.ActiveCfg = Debug|Any CPU
		{B3591418-D7D7-4A75-B7F0-AFF377623971}.Debug|Any CPU.Build.0 = Debug|Any CPU
		{B3591418-D7D7-4A75-B7F0-AFF377623971}.Release|Any CPU.ActiveCfg = Release|Any CPU
		{B3591418-D7D7-4A75-B7F0-AFF377623971}.Release|Any CPU.Build.0 = Release|Any CPU
		{5EEA1550-5DEC-4D2C-855E-ADEAD93EB341}.Debug|Any CPU.ActiveCfg = Debug|Any CPU
		{5EEA1550-5DEC-4D2C-855E-ADEAD93EB341}.Debug|Any CPU.Build.0 = Debug|Any CPU
		{5EEA1550-5DEC-4D2C-855E-ADEAD93EB341}.Release|Any CPU.ActiveCfg = Release|Any CPU
		{5EEA1550-5DEC-4D2C-855E-ADEAD93EB341}.Release|Any CPU.Build.0 = Release|Any CPU
		{35D7F11C-813A-4616-8E63-F5B234BEB117}.Debug|Any CPU.ActiveCfg = Debug|Any CPU
		{35D7F11C-813A-4616-8E63-F5B234BEB117}.Debug|Any CPU.Build.0 = Debug|Any CPU
		{35D7F11C-813A-4616-8E63-F5B234BEB117}.Release|Any CPU.ActiveCfg = Release|Any CPU
		{35D7F11C-813A-4616-8E63-F5B234BEB117}.Release|Any CPU.Build.0 = Release|Any CPU
		{84A1B46A-C0BE-49C6-A78E-C331AAC0B2EE}.Debug|Any CPU.ActiveCfg = Debug|Any CPU
		{84A1B46A-C0BE-49C6-A78E-C331AAC0B2EE}.Debug|Any CPU.Build.0 = Debug|Any CPU
		{84A1B46A-C0BE-49C6-A78E-C331AAC0B2EE}.Release|Any CPU.ActiveCfg = Release|Any CPU
		{84A1B46A-C0BE-49C6-A78E-C331AAC0B2EE}.Release|Any CPU.Build.0 = Release|Any CPU
		{F4129517-86BB-4CE7-A97F-87252C7DF908}.Debug|Any CPU.ActiveCfg = Debug|Any CPU
		{F4129517-86BB-4CE7-A97F-87252C7DF908}.Debug|Any CPU.Build.0 = Debug|Any CPU
		{F4129517-86BB-4CE7-A97F-87252C7DF908}.Release|Any CPU.ActiveCfg = Release|Any CPU
		{F4129517-86BB-4CE7-A97F-87252C7DF908}.Release|Any CPU.Build.0 = Release|Any CPU
		{98516542-8406-4582-8368-864D5B3BDEB1}.Debug|Any CPU.ActiveCfg = Debug|Any CPU
		{98516542-8406-4582-8368-864D5B3BDEB1}.Debug|Any CPU.Build.0 = Debug|Any CPU
		{98516542-8406-4582-8368-864D5B3BDEB1}.Release|Any CPU.ActiveCfg = Release|Any CPU
		{98516542-8406-4582-8368-864D5B3BDEB1}.Release|Any CPU.Build.0 = Release|Any CPU
		{0C72C982-8548-484E-822F-ACB1A7C90538}.Debug|Any CPU.ActiveCfg = Debug|Any CPU
		{0C72C982-8548-484E-822F-ACB1A7C90538}.Debug|Any CPU.Build.0 = Debug|Any CPU
		{0C72C982-8548-484E-822F-ACB1A7C90538}.Release|Any CPU.ActiveCfg = Release|Any CPU
		{0C72C982-8548-484E-822F-ACB1A7C90538}.Release|Any CPU.Build.0 = Release|Any CPU
	EndGlobalSection
	GlobalSection(SolutionProperties) = preSolution
		HideSolutionNode = FALSE
	EndGlobalSection
	GlobalSection(ExtensibilityGlobals) = postSolution
		SolutionGuid = {F03A9772-FB7B-48A7-8EA3-44F363A6BE60}
	EndGlobalSection
EndGlobal
