
Microsoft Visual Studio Solution File, Format Version 12.00
# Visual Studio Version 16
VisualStudioVersion = 16.0.28803.452
MinimumVisualStudioVersion = 10.0.40219.1
Project("{FAE04EC0-301F-11D3-BF4B-00C04F79EFBC}") = "P01.DiagonalDifference", "P01.DiagonalDifference\P01.DiagonalDifference.csproj", "{B3591418-D7D7-4A75-B7F0-AFF377623971}"
EndProject
Project("{FAE04EC0-301F-11D3-BF4B-00C04F79EFBC}") = "P02.2x2Squares", "P02.2x2Squares\P02.2x2Squares.csproj", "{5EEA1550-5DEC-4D2C-855E-ADEAD93EB341}"
EndProject
Global
	GlobalSection(SolutionConfigurationPlatforms) = preSolution
		Debug|Any CPU = Debug|Any CPU
		Release|Any CPU = Release|Any CPU
	EndGlobalSection
	GlobalSection(ProjectConfigurationPlatforms) = postSolution
		{B3591418-D7D7-4A75-B7F0-AFF377623971}.Debug|Any CPU.ActiveCfg = Debug|Any CPU
		{B3591418-D7D7-4A75-B7F0-AFF377623971}.Debug|Any CPU.Build.0 = Debug|Any CPU
		{B3591418-D7D7-4A75-B7F0-AFF377623971}.Release|Any CPU.ActiveCfg = Release|Any CPU
		{B3591418-D7D7-4A75-B7F0-AFF377623971}.Release|Any CPU.Build.0 = Release|Any CPU
		{5EEA1550-5DEC-4D2C-855E-ADEAD93EB341}.Debug|Any CPU.ActiveCfg = Debug|Any CPU
		{5EEA1550-5DEC-4D2C-855E-ADEAD93EB341}.Debug|Any CPU.Build.0 = Debug|Any CPU
		{5EEA1550-5DEC-4D2C-855E-ADEAD93EB341}.Release|Any CPU.ActiveCfg = Release|Any CPU
		{5EEA1550-5DEC-4D2C-855E-ADEAD93EB341}.Release|Any CPU.Build.0 = Release|Any CPU
	EndGlobalSection
	GlobalSection(SolutionProperties) = preSolution
		HideSolutionNode = FALSE
	EndGlobalSection
	GlobalSection(ExtensibilityGlobals) = postSolution
		SolutionGuid = {F03A9772-FB7B-48A7-8EA3-44F363A6BE60}
	EndGlobalSection
EndGlobal
