
Microsoft Visual Studio Solution File, Format Version 12.00
# Visual Studio Version 16
VisualStudioVersion = 16.0.28803.452
MinimumVisualStudioVersion = 10.0.40219.1
Project("{FAE04EC0-301F-11D3-BF4B-00C04F79EFBC}") = "P01.UniqueUsernames", "P01.UniqueUsernames\P01.UniqueUsernames.csproj", "{C82568FE-91AC-4688-8BE4-3CC9209A3D8F}"
EndProject
Global
	GlobalSection(SolutionConfigurationPlatforms) = preSolution
		Debug|Any CPU = Debug|Any CPU
		Release|Any CPU = Release|Any CPU
	EndGlobalSection
	GlobalSection(ProjectConfigurationPlatforms) = postSolution
		{C82568FE-91AC-4688-8BE4-3CC9209A3D8F}.Debug|Any CPU.ActiveCfg = Debug|Any CPU
		{C82568FE-91AC-4688-8BE4-3CC9209A3D8F}.Debug|Any CPU.Build.0 = Debug|Any CPU
		{C82568FE-91AC-4688-8BE4-3CC9209A3D8F}.Release|Any CPU.ActiveCfg = Release|Any CPU
		{C82568FE-91AC-4688-8BE4-3CC9209A3D8F}.Release|Any CPU.Build.0 = Release|Any CPU
	EndGlobalSection
	GlobalSection(SolutionProperties) = preSolution
		HideSolutionNode = FALSE
	EndGlobalSection
	GlobalSection(ExtensibilityGlobals) = postSolution
		SolutionGuid = {83DB1FC1-D08B-41D0-8033-1061D6922533}
	EndGlobalSection
EndGlobal
