
Microsoft Visual Studio Solution File, Format Version 12.00
# Visual Studio 15
VisualStudioVersion = 15.0.28307.539
MinimumVisualStudioVersion = 10.0.40219.1
Project("{9A19103F-16F7-4668-BE54-9A1E7A4F7556}") = "P01.BasicStackOperations", "C:\Users\nkelo\source\repos\01.StacksAndQueues\P01.BasicStackOperations\P01.BasicStackOperations.csproj", "{75B607F8-7EA8-468F-9BC0-1CADD2093507}"
EndProject
Project("{9A19103F-16F7-4668-BE54-9A1E7A4F7556}") = "P02.BasicQueueOperations", "P02.BasicQueueOperations\P02.BasicQueueOperations.csproj", "{AB6979A6-115E-4133-B497-E57947B7B387}"
EndProject
Project("{FAE04EC0-301F-11D3-BF4B-00C04F79EFBC}") = "P03.MaxAndMinElement", "P03.MaxAndMinElement\P03.MaxAndMinElement.csproj", "{2B0474A0-45D1-400E-A6EB-66E6C6ECCCE4}"
EndProject
Project("{FAE04EC0-301F-11D3-BF4B-00C04F79EFBC}") = "P04.FastFood", "P04.FastFood\P04.FastFood.csproj", "{31B09211-413C-4292-8E6E-CDFC92C5727A}"
EndProject
Project("{FAE04EC0-301F-11D3-BF4B-00C04F79EFBC}") = "P05.FashionBoutique", "P05.FashionBoutique\P05.FashionBoutique.csproj", "{909467A2-84B4-4DA0-A6CC-A0AE5419DBFD}"
EndProject
Global
	GlobalSection(SolutionConfigurationPlatforms) = preSolution
		Debug|Any CPU = Debug|Any CPU
		Release|Any CPU = Release|Any CPU
	EndGlobalSection
	GlobalSection(ProjectConfigurationPlatforms) = postSolution
		{75B607F8-7EA8-468F-9BC0-1CADD2093507}.Debug|Any CPU.ActiveCfg = Debug|Any CPU
		{75B607F8-7EA8-468F-9BC0-1CADD2093507}.Debug|Any CPU.Build.0 = Debug|Any CPU
		{75B607F8-7EA8-468F-9BC0-1CADD2093507}.Release|Any CPU.ActiveCfg = Release|Any CPU
		{75B607F8-7EA8-468F-9BC0-1CADD2093507}.Release|Any CPU.Build.0 = Release|Any CPU
		{AB6979A6-115E-4133-B497-E57947B7B387}.Debug|Any CPU.ActiveCfg = Debug|Any CPU
		{AB6979A6-115E-4133-B497-E57947B7B387}.Debug|Any CPU.Build.0 = Debug|Any CPU
		{AB6979A6-115E-4133-B497-E57947B7B387}.Release|Any CPU.ActiveCfg = Release|Any CPU
		{AB6979A6-115E-4133-B497-E57947B7B387}.Release|Any CPU.Build.0 = Release|Any CPU
		{2B0474A0-45D1-400E-A6EB-66E6C6ECCCE4}.Debug|Any CPU.ActiveCfg = Debug|Any CPU
		{2B0474A0-45D1-400E-A6EB-66E6C6ECCCE4}.Debug|Any CPU.Build.0 = Debug|Any CPU
		{2B0474A0-45D1-400E-A6EB-66E6C6ECCCE4}.Release|Any CPU.ActiveCfg = Release|Any CPU
		{2B0474A0-45D1-400E-A6EB-66E6C6ECCCE4}.Release|Any CPU.Build.0 = Release|Any CPU
		{31B09211-413C-4292-8E6E-CDFC92C5727A}.Debug|Any CPU.ActiveCfg = Debug|Any CPU
		{31B09211-413C-4292-8E6E-CDFC92C5727A}.Debug|Any CPU.Build.0 = Debug|Any CPU
		{31B09211-413C-4292-8E6E-CDFC92C5727A}.Release|Any CPU.ActiveCfg = Release|Any CPU
		{31B09211-413C-4292-8E6E-CDFC92C5727A}.Release|Any CPU.Build.0 = Release|Any CPU
		{909467A2-84B4-4DA0-A6CC-A0AE5419DBFD}.Debug|Any CPU.ActiveCfg = Debug|Any CPU
		{909467A2-84B4-4DA0-A6CC-A0AE5419DBFD}.Debug|Any CPU.Build.0 = Debug|Any CPU
		{909467A2-84B4-4DA0-A6CC-A0AE5419DBFD}.Release|Any CPU.ActiveCfg = Release|Any CPU
		{909467A2-84B4-4DA0-A6CC-A0AE5419DBFD}.Release|Any CPU.Build.0 = Release|Any CPU
	EndGlobalSection
	GlobalSection(SolutionProperties) = preSolution
		HideSolutionNode = FALSE
	EndGlobalSection
	GlobalSection(ExtensibilityGlobals) = postSolution
		SolutionGuid = {1D83BDA3-0DC4-48C1-BF87-41416F1073A8}
	EndGlobalSection
EndGlobal
