
Microsoft Visual Studio Solution File, Format Version 12.00
# Visual Studio Version 16
VisualStudioVersion = 16.0.29009.5
MinimumVisualStudioVersion = 10.0.40219.1
Project("{FAE04EC0-301F-11D3-BF4B-00C04F79EFBC}") = "W01.CustomStructures", "W01.CustomStructures\W01.CustomStructures.csproj", "{61A9AD7B-51A1-476D-BC06-778874CD4A2D}"
EndProject
Global
	GlobalSection(SolutionConfigurationPlatforms) = preSolution
		Debug|Any CPU = Debug|Any CPU
		Release|Any CPU = Release|Any CPU
	EndGlobalSection
	GlobalSection(ProjectConfigurationPlatforms) = postSolution
		{61A9AD7B-51A1-476D-BC06-778874CD4A2D}.Debug|Any CPU.ActiveCfg = Debug|Any CPU
		{61A9AD7B-51A1-476D-BC06-778874CD4A2D}.Debug|Any CPU.Build.0 = Debug|Any CPU
		{61A9AD7B-51A1-476D-BC06-778874CD4A2D}.Release|Any CPU.ActiveCfg = Release|Any CPU
		{61A9AD7B-51A1-476D-BC06-778874CD4A2D}.Release|Any CPU.Build.0 = Release|Any CPU
	EndGlobalSection
	GlobalSection(SolutionProperties) = preSolution
		HideSolutionNode = FALSE
	EndGlobalSection
	GlobalSection(ExtensibilityGlobals) = postSolution
		SolutionGuid = {675833ED-208A-41EF-A8D6-2E3E704A65F4}
	EndGlobalSection
EndGlobal
