
Microsoft Visual Studio Solution File, Format Version 12.00
# Visual Studio Version 16
VisualStudioVersion = 16.0.28922.388
MinimumVisualStudioVersion = 10.0.40219.1
Project("{9A19103F-16F7-4668-BE54-9A1E7A4F7556}") = "06.DefiningClasses", "06.DefiningClasses\06.DefiningClasses.csproj", "{F5404DD3-BF64-4DCB-93AD-92E8D9E9A346}"
EndProject
Project("{FAE04EC0-301F-11D3-BF4B-00C04F79EFBC}") = "P04.OpinionPoll", "P04.OpinionPoll\P04.OpinionPoll.csproj", "{2BEF92C9-D330-451B-A7DE-8C5050C3078F}"
EndProject
Project("{FAE04EC0-301F-11D3-BF4B-00C04F79EFBC}") = "P05.DateModifier", "P05.DateModifier\P05.DateModifier.csproj", "{CC09EC6C-1CA1-4C3F-BBF1-180C7BDF563B}"
EndProject
Global
	GlobalSection(SolutionConfigurationPlatforms) = preSolution
		Debug|Any CPU = Debug|Any CPU
		Release|Any CPU = Release|Any CPU
	EndGlobalSection
	GlobalSection(ProjectConfigurationPlatforms) = postSolution
		{F5404DD3-BF64-4DCB-93AD-92E8D9E9A346}.Debug|Any CPU.ActiveCfg = Debug|Any CPU
		{F5404DD3-BF64-4DCB-93AD-92E8D9E9A346}.Debug|Any CPU.Build.0 = Debug|Any CPU
		{F5404DD3-BF64-4DCB-93AD-92E8D9E9A346}.Release|Any CPU.ActiveCfg = Release|Any CPU
		{F5404DD3-BF64-4DCB-93AD-92E8D9E9A346}.Release|Any CPU.Build.0 = Release|Any CPU
		{2BEF92C9-D330-451B-A7DE-8C5050C3078F}.Debug|Any CPU.ActiveCfg = Debug|Any CPU
		{2BEF92C9-D330-451B-A7DE-8C5050C3078F}.Debug|Any CPU.Build.0 = Debug|Any CPU
		{2BEF92C9-D330-451B-A7DE-8C5050C3078F}.Release|Any CPU.ActiveCfg = Release|Any CPU
		{2BEF92C9-D330-451B-A7DE-8C5050C3078F}.Release|Any CPU.Build.0 = Release|Any CPU
		{CC09EC6C-1CA1-4C3F-BBF1-180C7BDF563B}.Debug|Any CPU.ActiveCfg = Debug|Any CPU
		{CC09EC6C-1CA1-4C3F-BBF1-180C7BDF563B}.Debug|Any CPU.Build.0 = Debug|Any CPU
		{CC09EC6C-1CA1-4C3F-BBF1-180C7BDF563B}.Release|Any CPU.ActiveCfg = Release|Any CPU
		{CC09EC6C-1CA1-4C3F-BBF1-180C7BDF563B}.Release|Any CPU.Build.0 = Release|Any CPU
	EndGlobalSection
	GlobalSection(SolutionProperties) = preSolution
		HideSolutionNode = FALSE
	EndGlobalSection
	GlobalSection(ExtensibilityGlobals) = postSolution
		SolutionGuid = {BE812C90-ED7A-4216-A441-9D10FD6557B7}
	EndGlobalSection
EndGlobal
